// !$*UTF8*$!
{
	archiveVersion = 1;
	classes = {
	};
	objectVersion = 55;
	objects = {

/* Begin PBXBuildFile section */
		B8D71FFD2862660A009BDF9D /* War__card_game_App.swift in Sources */ = {isa = PBXBuildFile; fileRef = B8D71FFC2862660A009BDF9D /* War__card_game_App.swift */; };
		B8D71FFF2862660A009BDF9D /* ContentView.swift in Sources */ = {isa = PBXBuildFile; fileRef = B8D71FFE2862660A009BDF9D /* ContentView.swift */; };
		B8D720012862660B009BDF9D /* Assets.xcassets in Resources */ = {isa = PBXBuildFile; fileRef = B8D720002862660B009BDF9D /* Assets.xcassets */; };
		B8D720042862660B009BDF9D /* Preview Assets.xcassets in Resources */ = {isa = PBXBuildFile; fileRef = B8D720032862660B009BDF9D /* Preview Assets.xcassets */; };
		B8D7200E2862660B009BDF9D /* War__card_game_Tests.swift in Sources */ = {isa = PBXBuildFile; fileRef = B8D7200D2862660B009BDF9D /* War__card_game_Tests.swift */; };
		B8D720182862660B009BDF9D /* War__card_game_UITests.swift in Sources */ = {isa = PBXBuildFile; fileRef = B8D720172862660B009BDF9D /* War__card_game_UITests.swift */; };
		B8D7201A2862660B009BDF9D /* War__card_game_UITestsLaunchTests.swift in Sources */ = {isa = PBXBuildFile; fileRef = B8D720192862660B009BDF9D /* War__card_game_UITestsLaunchTests.swift */; };
/* End PBXBuildFile section */

/* Begin PBXContainerItemProxy section */
		B8D7200A2862660B009BDF9D /* PBXContainerItemProxy */ = {
			isa = PBXContainerItemProxy;
			containerPortal = B8D71FF12862660A009BDF9D /* Project object */;
			proxyType = 1;
			remoteGlobalIDString = B8D71FF82862660A009BDF9D;
			remoteInfo = "War (card game)";
		};
		B8D720142862660B009BDF9D /* PBXContainerItemProxy */ = {
			isa = PBXContainerItemProxy;
			containerPortal = B8D71FF12862660A009BDF9D /* Project object */;
			proxyType = 1;
			remoteGlobalIDString = B8D71FF82862660A009BDF9D;
			remoteInfo = "War (card game)";
		};
/* End PBXContainerItemProxy section */

/* Begin PBXFileReference section */
		B8D71FF92862660A009BDF9D /* War (card game).app */ = {isa = PBXFileReference; explicitFileType = wrapper.application; includeInIndex = 0; path = "War (card game).app"; sourceTree = BUILT_PRODUCTS_DIR; };
		B8D71FFC2862660A009BDF9D /* War__card_game_App.swift */ = {isa = PBXFileReference; lastKnownFileType = sourcecode.swift; path = War__card_game_App.swift; sourceTree = "<group>"; };
		B8D71FFE2862660A009BDF9D /* ContentView.swift */ = {isa = PBXFileReference; lastKnownFileType = sourcecode.swift; path = ContentView.swift; sourceTree = "<group>"; };
		B8D720002862660B009BDF9D /* Assets.xcassets */ = {isa = PBXFileReference; lastKnownFileType = folder.assetcatalog; path = Assets.xcassets; sourceTree = "<group>"; };
		B8D720032862660B009BDF9D /* Preview Assets.xcassets */ = {isa = PBXFileReference; lastKnownFileType = folder.assetcatalog; path = "Preview Assets.xcassets"; sourceTree = "<group>"; };
		B8D720092862660B009BDF9D /* War (card game)Tests.xctest */ = {isa = PBXFileReference; explicitFileType = wrapper.cfbundle; includeInIndex = 0; path = "War (card game)Tests.xctest"; sourceTree = BUILT_PRODUCTS_DIR; };
		B8D7200D2862660B009BDF9D /* War__card_game_Tests.swift */ = {isa = PBXFileReference; lastKnownFileType = sourcecode.swift; path = War__card_game_Tests.swift; sourceTree = "<group>"; };
		B8D720132862660B009BDF9D /* War (card game)UITests.xctest */ = {isa = PBXFileReference; explicitFileType = wrapper.cfbundle; includeInIndex = 0; path = "War (card game)UITests.xctest"; sourceTree = BUILT_PRODUCTS_DIR; };
		B8D720172862660B009BDF9D /* War__card_game_UITests.swift */ = {isa = PBXFileReference; lastKnownFileType = sourcecode.swift; path = War__card_game_UITests.swift; sourceTree = "<group>"; };
		B8D720192862660B009BDF9D /* War__card_game_UITestsLaunchTests.swift */ = {isa = PBXFileReference; lastKnownFileType = sourcecode.swift; path = War__card_game_UITestsLaunchTests.swift; sourceTree = "<group>"; };
/* End PBXFileReference section */

/* Begin PBXFrameworksBuildPhase section */
		B8D71FF62862660A009BDF9D /* Frameworks */ = {
			isa = PBXFrameworksBuildPhase;
			buildActionMask = 2147483647;
			files = (
			);
			runOnlyForDeploymentPostprocessing = 0;
		};
		B8D720062862660B009BDF9D /* Frameworks */ = {
			isa = PBXFrameworksBuildPhase;
			buildActionMask = 2147483647;
			files = (
			);
			runOnlyForDeploymentPostprocessing = 0;
		};
		B8D720102862660B009BDF9D /* Frameworks */ = {
			isa = PBXFrameworksBuildPhase;
			buildActionMask = 2147483647;
			files = (
			);
			runOnlyForDeploymentPostprocessing = 0;
		};
/* End PBXFrameworksBuildPhase section */

/* Begin PBXGroup section */
		B8D71FF02862660A009BDF9D = {
			isa = PBXGroup;
			children = (
				B8D71FFB2862660A009BDF9D /* War (card game) */,
				B8D7200C2862660B009BDF9D /* War (card game)Tests */,
				B8D720162862660B009BDF9D /* War (card game)UITests */,
				B8D71FFA2862660A009BDF9D /* Products */,
			);
			sourceTree = "<group>";
		};
		B8D71FFA2862660A009BDF9D /* Products */ = {
			isa = PBXGroup;
			children = (
				B8D71FF92862660A009BDF9D /* War (card game).app */,
				B8D720092862660B009BDF9D /* War (card game)Tests.xctest */,
				B8D720132862660B009BDF9D /* War (card game)UITests.xctest */,
			);
			name = Products;
			sourceTree = "<group>";
		};
		B8D71FFB2862660A009BDF9D /* War (card game) */ = {
			isa = PBXGroup;
			children = (
				B8D71FFC2862660A009BDF9D /* War__card_game_App.swift */,
				B8D71FFE2862660A009BDF9D /* ContentView.swift */,
				B8D720002862660B009BDF9D /* Assets.xcassets */,
				B8D720022862660B009BDF9D /* Preview Content */,
			);
			path = "War (card game)";
			sourceTree = "<group>";
		};
		B8D720022862660B009BDF9D /* Preview Content */ = {
			isa = PBXGroup;
			children = (
				B8D720032862660B009BDF9D /* Preview Assets.xcassets */,
			);
			path = "Preview Content";
			sourceTree = "<group>";
		};
		B8D7200C2862660B009BDF9D /* War (card game)Tests */ = {
			isa = PBXGroup;
			children = (
				B8D7200D2862660B009BDF9D /* War__card_game_Tests.swift */,
			);
			path = "War (card game)Tests";
			sourceTree = "<group>";
		};
		B8D720162862660B009BDF9D /* War (card game)UITests */ = {
			isa = PBXGroup;
			children = (
				B8D720172862660B009BDF9D /* War__card_game_UITests.swift */,
				B8D720192862660B009BDF9D /* War__card_game_UITestsLaunchTests.swift */,
			);
			path = "War (card game)UITests";
			sourceTree = "<group>";
		};
/* End PBXGroup section */

/* Begin PBXNativeTarget section */
		B8D71FF82862660A009BDF9D /* War (card game) */ = {
			isa = PBXNativeTarget;
			buildConfigurationList = B8D7201D2862660B009BDF9D /* Build configuration list for PBXNativeTarget "War (card game)" */;
			buildPhases = (
				B8D71FF52862660A009BDF9D /* Sources */,
				B8D71FF62862660A009BDF9D /* Frameworks */,
				B8D71FF72862660A009BDF9D /* Resources */,
			);
			buildRules = (
			);
			dependencies = (
			);
			name = "War (card game)";
			productName = "War (card game)";
			productReference = B8D71FF92862660A009BDF9D /* War (card game).app */;
			productType = "com.apple.product-type.application";
		};
		B8D720082862660B009BDF9D /* War (card game)Tests */ = {
			isa = PBXNativeTarget;
			buildConfigurationList = B8D720202862660B009BDF9D /* Build configuration list for PBXNativeTarget "War (card game)Tests" */;
			buildPhases = (
				B8D720052862660B009BDF9D /* Sources */,
				B8D720062862660B009BDF9D /* Frameworks */,
				B8D720072862660B009BDF9D /* Resources */,
			);
			buildRules = (
			);
			dependencies = (
				B8D7200B2862660B009BDF9D /* PBXTargetDependency */,
			);
			name = "War (card game)Tests";
			productName = "War (card game)Tests";
			productReference = B8D720092862660B009BDF9D /* War (card game)Tests.xctest */;
			productType = "com.apple.product-type.bundle.unit-test";
		};
		B8D720122862660B009BDF9D /* War (card game)UITests */ = {
			isa = PBXNativeTarget;
			buildConfigurationList = B8D720232862660B009BDF9D /* Build configuration list for PBXNativeTarget "War (card game)UITests" */;
			buildPhases = (
				B8D7200F2862660B009BDF9D /* Sources */,
				B8D720102862660B009BDF9D /* Frameworks */,
				B8D720112862660B009BDF9D /* Resources */,
			);
			buildRules = (
			);
			dependencies = (
				B8D720152862660B009BDF9D /* PBXTargetDependency */,
			);
			name = "War (card game)UITests";
			productName = "War (card game)UITests";
			productReference = B8D720132862660B009BDF9D /* War (card game)UITests.xctest */;
			productType = "com.apple.product-type.bundle.ui-testing";
		};
/* End PBXNativeTarget section */

/* Begin PBXProject section */
		B8D71FF12862660A009BDF9D /* Project object */ = {
			isa = PBXProject;
			attributes = {
				BuildIndependentTargetsInParallel = 1;
				LastSwiftUpdateCheck = 1340;
				LastUpgradeCheck = 1340;
				TargetAttributes = {
					B8D71FF82862660A009BDF9D = {
						CreatedOnToolsVersion = 13.4.1;
					};
					B8D720082862660B009BDF9D = {
						CreatedOnToolsVersion = 13.4.1;
						TestTargetID = B8D71FF82862660A009BDF9D;
					};
					B8D720122862660B009BDF9D = {
						CreatedOnToolsVersion = 13.4.1;
						TestTargetID = B8D71FF82862660A009BDF9D;
					};
				};
			};
			buildConfigurationList = B8D71FF42862660A009BDF9D /* Build configuration list for PBXProject "War (card game)" */;
			compatibilityVersion = "Xcode 13.0";
			developmentRegion = en;
			hasScannedForEncodings = 0;
			knownRegions = (
				en,
				Base,
			);
			mainGroup = B8D71FF02862660A009BDF9D;
			productRefGroup = B8D71FFA2862660A009BDF9D /* Products */;
			projectDirPath = "";
			projectRoot = "";
			targets = (
				B8D71FF82862660A009BDF9D /* War (card game) */,
				B8D720082862660B009BDF9D /* War (card game)Tests */,
				B8D720122862660B009BDF9D /* War (card game)UITests */,
			);
		};
/* End PBXProject section */

/* Begin PBXResourcesBuildPhase section */
		B8D71FF72862660A009BDF9D /* Resources */ = {
			isa = PBXResourcesBuildPhase;
			buildActionMask = 2147483647;
			files = (
				B8D720042862660B009BDF9D /* Preview Assets.xcassets in Resources */,
				B8D720012862660B009BDF9D /* Assets.xcassets in Resources */,
			);
			runOnlyForDeploymentPostprocessing = 0;
		};
		B8D720072862660B009BDF9D /* Resources */ = {
			isa = PBXResourcesBuildPhase;
			buildActionMask = 2147483647;
			files = (
			);
			runOnlyForDeploymentPostprocessing = 0;
		};
		B8D720112862660B009BDF9D /* Resources */ = {
			isa = PBXResourcesBuildPhase;
			buildActionMask = 2147483647;
			files = (
			);
			runOnlyForDeploymentPostprocessing = 0;
		};
/* End PBXResourcesBuildPhase section */

/* Begin PBXSourcesBuildPhase section */
		B8D71FF52862660A009BDF9D /* Sources */ = {
			isa = PBXSourcesBuildPhase;
			buildActionMask = 2147483647;
			files = (
				B8D71FFF2862660A009BDF9D /* ContentView.swift in Sources */,
				B8D71FFD2862660A009BDF9D /* War__card_game_App.swift in Sources */,
			);
			runOnlyForDeploymentPostprocessing = 0;
		};
		B8D720052862660B009BDF9D /* Sources */ = {
			isa = PBXSourcesBuildPhase;
			buildActionMask = 2147483647;
			files = (
				B8D7200E2862660B009BDF9D /* War__card_game_Tests.swift in Sources */,
			);
			runOnlyForDeploymentPostprocessing = 0;
		};
		B8D7200F2862660B009BDF9D /* Sources */ = {
			isa = PBXSourcesBuildPhase;
			buildActionMask = 2147483647;
			files = (
				B8D720182862660B009BDF9D /* War__card_game_UITests.swift in Sources */,
				B8D7201A2862660B009BDF9D /* War__card_game_UITestsLaunchTests.swift in Sources */,
			);
			runOnlyForDeploymentPostprocessing = 0;
		};
/* End PBXSourcesBuildPhase section */

/* Begin PBXTargetDependency section */
		B8D7200B2862660B009BDF9D /* PBXTargetDependency */ = {
			isa = PBXTargetDependency;
			target = B8D71FF82862660A009BDF9D /* War (card game) */;
			targetProxy = B8D7200A2862660B009BDF9D /* PBXContainerItemProxy */;
		};
		B8D720152862660B009BDF9D /* PBXTargetDependency */ = {
			isa = PBXTargetDependency;
			target = B8D71FF82862660A009BDF9D /* War (card game) */;
			targetProxy = B8D720142862660B009BDF9D /* PBXContainerItemProxy */;
		};
/* End PBXTargetDependency section */

/* Begin XCBuildConfiguration section */
		B8D7201B2862660B009BDF9D /* Debug */ = {
			isa = XCBuildConfiguration;
			buildSettings = {
				ALWAYS_SEARCH_USER_PATHS = NO;
				CLANG_ANALYZER_NONNULL = YES;
				CLANG_ANALYZER_NUMBER_OBJECT_CONVERSION = YES_AGGRESSIVE;
				CLANG_CXX_LANGUAGE_STANDARD = "gnu++17";
				CLANG_ENABLE_MODULES = YES;
				CLANG_ENABLE_OBJC_ARC = YES;
				CLANG_ENABLE_OBJC_WEAK = YES;
				CLANG_WARN_BLOCK_CAPTURE_AUTORELEASING = YES;
				CLANG_WARN_BOOL_CONVERSION = YES;
				CLANG_WARN_COMMA = YES;
				CLANG_WARN_CONSTANT_CONVERSION = YES;
				CLANG_WARN_DEPRECATED_OBJC_IMPLEMENTATIONS = YES;
				CLANG_WARN_DIRECT_OBJC_ISA_USAGE = YES_ERROR;
				CLANG_WARN_DOCUMENTATION_COMMENTS = YES;
				CLANG_WARN_EMPTY_BODY = YES;
				CLANG_WARN_ENUM_CONVERSION = YES;
				CLANG_WARN_INFINITE_RECURSION = YES;
				CLANG_WARN_INT_CONVERSION = YES;
				CLANG_WARN_NON_LITERAL_NULL_CONVERSION = YES;
				CLANG_WARN_OBJC_IMPLICIT_RETAIN_SELF = YES;
				CLANG_WARN_OBJC_LITERAL_CONVERSION = YES;
				CLANG_WARN_OBJC_ROOT_CLASS = YES_ERROR;
				CLANG_WARN_QUOTED_INCLUDE_IN_FRAMEWORK_HEADER = YES;
				CLANG_WARN_RANGE_LOOP_ANALYSIS = YES;
				CLANG_WARN_STRICT_PROTOTYPES = YES;
				CLANG_WARN_SUSPICIOUS_MOVE = YES;
				CLANG_WARN_UNGUARDED_AVAILABILITY = YES_AGGRESSIVE;
				CLANG_WARN_UNREACHABLE_CODE = YES;
				CLANG_WARN__DUPLICATE_METHOD_MATCH = YES;
				COPY_PHASE_STRIP = NO;
				DEBUG_INFORMATION_FORMAT = dwarf;
				ENABLE_STRICT_OBJC_MSGSEND = YES;
				ENABLE_TESTABILITY = YES;
				GCC_C_LANGUAGE_STANDARD = gnu11;
				GCC_DYNAMIC_NO_PIC = NO;
				GCC_NO_COMMON_BLOCKS = YES;
				GCC_OPTIMIZATION_LEVEL = 0;
				GCC_PREPROCESSOR_DEFINITIONS = (
					"DEBUG=1",
					"$(inherited)",
				);
				GCC_WARN_64_TO_32_BIT_CONVERSION = YES;
				GCC_WARN_ABOUT_RETURN_TYPE = YES_ERROR;
				GCC_WARN_UNDECLARED_SELECTOR = YES;
				GCC_WARN_UNINITIALIZED_AUTOS = YES_AGGRESSIVE;
				GCC_WARN_UNUSED_FUNCTION = YES;
				GCC_WARN_UNUSED_VARIABLE = YES;
				IPHONEOS_DEPLOYMENT_TARGET = 15.5;
				MTL_ENABLE_DEBUG_INFO = INCLUDE_SOURCE;
				MTL_FAST_MATH = YES;
				ONLY_ACTIVE_ARCH = YES;
				SDKROOT = iphoneos;
				SWIFT_ACTIVE_COMPILATION_CONDITIONS = DEBUG;
				SWIFT_OPTIMIZATION_LEVEL = "-Onone";
			};
			name = Debug;
		};
		B8D7201C2862660B009BDF9D /* Release */ = {
			isa = XCBuildConfiguration;
			buildSettings = {
				ALWAYS_SEARCH_USER_PATHS = NO;
				CLANG_ANALYZER_NONNULL = YES;
				CLANG_ANALYZER_NUMBER_OBJECT_CONVERSION = YES_AGGRESSIVE;
				CLANG_CXX_LANGUAGE_STANDARD = "gnu++17";
				CLANG_ENABLE_MODULES = YES;
				CLANG_ENABLE_OBJC_ARC = YES;
				CLANG_ENABLE_OBJC_WEAK = YES;
				CLANG_WARN_BLOCK_CAPTURE_AUTORELEASING = YES;
				CLANG_WARN_BOOL_CONVERSION = YES;
				CLANG_WARN_COMMA = YES;
				CLANG_WARN_CONSTANT_CONVERSION = YES;
				CLANG_WARN_DEPRECATED_OBJC_IMPLEMENTATIONS = YES;
				CLANG_WARN_DIRECT_OBJC_ISA_USAGE = YES_ERROR;
				CLANG_WARN_DOCUMENTATION_COMMENTS = YES;
				CLANG_WARN_EMPTY_BODY = YES;
				CLANG_WARN_ENUM_CONVERSION = YES;
				CLANG_WARN_INFINITE_RECURSION = YES;
				CLANG_WARN_INT_CONVERSION = YES;
				CLANG_WARN_NON_LITERAL_NULL_CONVERSION = YES;
				CLANG_WARN_OBJC_IMPLICIT_RETAIN_SELF = YES;
				CLANG_WARN_OBJC_LITERAL_CONVERSION = YES;
				CLANG_WARN_OBJC_ROOT_CLASS = YES_ERROR;
				CLANG_WARN_QUOTED_INCLUDE_IN_FRAMEWORK_HEADER = YES;
				CLANG_WARN_RANGE_LOOP_ANALYSIS = YES;
				CLANG_WARN_STRICT_PROTOTYPES = YES;
				CLANG_WARN_SUSPICIOUS_MOVE = YES;
				CLANG_WARN_UNGUARDED_AVAILABILITY = YES_AGGRESSIVE;
				CLANG_WARN_UNREACHABLE_CODE = YES;
				CLANG_WARN__DUPLICATE_METHOD_MATCH = YES;
				COPY_PHASE_STRIP = NO;
				DEBUG_INFORMATION_FORMAT = "dwarf-with-dsym";
				ENABLE_NS_ASSERTIONS = NO;
				ENABLE_STRICT_OBJC_MSGSEND = YES;
				GCC_C_LANGUAGE_STANDARD = gnu11;
				GCC_NO_COMMON_BLOCKS = YES;
				GCC_WARN_64_TO_32_BIT_CONVERSION = YES;
				GCC_WARN_ABOUT_RETURN_TYPE = YES_ERROR;
				GCC_WARN_UNDECLARED_SELECTOR = YES;
				GCC_WARN_UNINITIALIZED_AUTOS = YES_AGGRESSIVE;
				GCC_WARN_UNUSED_FUNCTION = YES;
				GCC_WARN_UNUSED_VARIABLE = YES;
				IPHONEOS_DEPLOYMENT_TARGET = 15.5;
				MTL_ENABLE_DEBUG_INFO = NO;
				MTL_FAST_MATH = YES;
				SDKROOT = iphoneos;
				SWIFT_COMPILATION_MODE = wholemodule;
				SWIFT_OPTIMIZATION_LEVEL = "-O";
				VALIDATE_PRODUCT = YES;
			};
			name = Release;
		};
		B8D7201E2862660B009BDF9D /* Debug */ = {
			isa = XCBuildConfiguration;
			buildSettings = {
				ASSETCATALOG_COMPILER_APPICON_NAME = AppIcon;
				ASSETCATALOG_COMPILER_GLOBAL_ACCENT_COLOR_NAME = AccentColor;
				CODE_SIGN_STYLE = Automatic;
				CURRENT_PROJECT_VERSION = 1;
				DEVELOPMENT_ASSET_PATHS = "\"War (card game)/Preview Content\"";
				DEVELOPMENT_TEAM = JD8V9CAM37;
				ENABLE_PREVIEWS = YES;
				GENERATE_INFOPLIST_FILE = YES;
				INFOPLIST_KEY_UIApplicationSceneManifest_Generation = YES;
				INFOPLIST_KEY_UIApplicationSupportsIndirectInputEvents = YES;
				INFOPLIST_KEY_UILaunchScreen_Generation = YES;
				INFOPLIST_KEY_UISupportedInterfaceOrientations_iPad = "UIInterfaceOrientationPortrait UIInterfaceOrientationPortraitUpsideDown UIInterfaceOrientationLandscapeLeft UIInterfaceOrientationLandscapeRight";
				INFOPLIST_KEY_UISupportedInterfaceOrientations_iPhone = "UIInterfaceOrientationPortrait UIInterfaceOrientationLandscapeLeft UIInterfaceOrientationLandscapeRight";
				LD_RUNPATH_SEARCH_PATHS = (
					"$(inherited)",
					"@executable_path/Frameworks",
				);
				MARKETING_VERSION = 1.0;
				PRODUCT_BUNDLE_IDENTIFIER = "KarthikChillara.War--card-game-";
				PRODUCT_NAME = "$(TARGET_NAME)";
				SWIFT_EMIT_LOC_STRINGS = YES;
				SWIFT_VERSION = 5.0;
				TARGETED_DEVICE_FAMILY = "1,2";
			};
			name = Debug;
		};
		B8D7201F2862660B009BDF9D /* Release */ = {
			isa = XCBuildConfiguration;
			buildSettings = {
				ASSETCATALOG_COMPILER_APPICON_NAME = AppIcon;
				ASSETCATALOG_COMPILER_GLOBAL_ACCENT_COLOR_NAME = AccentColor;
				CODE_SIGN_STYLE = Automatic;
				CURRENT_PROJECT_VERSION = 1;
				DEVELOPMENT_ASSET_PATHS = "\"War (card game)/Preview Content\"";
				DEVELOPMENT_TEAM = JD8V9CAM37;
				ENABLE_PREVIEWS = YES;
				GENERATE_INFOPLIST_FILE = YES;
				INFOPLIST_KEY_UIApplicationSceneManifest_Generation = YES;
				INFOPLIST_KEY_UIApplicationSupportsIndirectInputEvents = YES;
				INFOPLIST_KEY_UILaunchScreen_Generation = YES;
				INFOPLIST_KEY_UISupportedInterfaceOrientations_iPad = "UIInterfaceOrientationPortrait UIInterfaceOrientationPortraitUpsideDown UIInterfaceOrientationLandscapeLeft UIInterfaceOrientationLandscapeRight";
				INFOPLIST_KEY_UISupportedInterfaceOrientations_iPhone = "UIInterfaceOrientationPortrait UIInterfaceOrientationLandscapeLeft UIInterfaceOrientationLandscapeRight";
				LD_RUNPATH_SEARCH_PATHS = (
					"$(inherited)",
					"@executable_path/Frameworks",
				);
				MARKETING_VERSION = 1.0;
				PRODUCT_BUNDLE_IDENTIFIER = "KarthikChillara.War--card-game-";
				PRODUCT_NAME = "$(TARGET_NAME)";
				SWIFT_EMIT_LOC_STRINGS = YES;
				SWIFT_VERSION = 5.0;
				TARGETED_DEVICE_FAMILY = "1,2";
			};
			name = Release;
		};
		B8D720212862660B009BDF9D /* Debug */ = {
			isa = XCBuildConfiguration;
			buildSettings = {
				ALWAYS_EMBED_SWIFT_STANDARD_LIBRARIES = YES;
				BUNDLE_LOADER = "$(TEST_HOST)";
				CODE_SIGN_STYLE = Automatic;
				CURRENT_PROJECT_VERSION = 1;
				DEVELOPMENT_TEAM = JD8V9CAM37;
				GENERATE_INFOPLIST_FILE = YES;
				IPHONEOS_DEPLOYMENT_TARGET = 15.5;
				MARKETING_VERSION = 1.0;
				PRODUCT_BUNDLE_IDENTIFIER = "KarthikChillara.War--card-game-Tests";
				PRODUCT_NAME = "$(TARGET_NAME)";
				SWIFT_EMIT_LOC_STRINGS = NO;
				SWIFT_VERSION = 5.0;
				TARGETED_DEVICE_FAMILY = "1,2";
				TEST_HOST = "$(BUILT_PRODUCTS_DIR)/War (card game).app/War (card game)";
			};
			name = Debug;
		};
		B8D720222862660B009BDF9D /* Release */ = {
			isa = XCBuildConfiguration;
			buildSettings = {
				ALWAYS_EMBED_SWIFT_STANDARD_LIBRARIES = YES;
				BUNDLE_LOADER = "$(TEST_HOST)";
				CODE_SIGN_STYLE = Automatic;
				CURRENT_PROJECT_VERSION = 1;
				DEVELOPMENT_TEAM = JD8V9CAM37;
				GENERATE_INFOPLIST_FILE = YES;
				IPHONEOS_DEPLOYMENT_TARGET = 15.5;
				MARKETING_VERSION = 1.0;
				PRODUCT_BUNDLE_IDENTIFIER = "KarthikChillara.War--card-game-Tests";
				PRODUCT_NAME = "$(TARGET_NAME)";
				SWIFT_EMIT_LOC_STRINGS = NO;
				SWIFT_VERSION = 5.0;
				TARGETED_DEVICE_FAMILY = "1,2";
				TEST_HOST = "$(BUILT_PRODUCTS_DIR)/War (card game).app/War (card game)";
			};
			name = Release;
		};
		B8D720242862660B009BDF9D /* Debug */ = {
			isa = XCBuildConfiguration;
			buildSettings = {
				ALWAYS_EMBED_SWIFT_STANDARD_LIBRARIES = YES;
				CODE_SIGN_STYLE = Automatic;
				CURRENT_PROJECT_VERSION = 1;
				DEVELOPMENT_TEAM = JD8V9CAM37;
				GENERATE_INFOPLIST_FILE = YES;
				MARKETING_VERSION = 1.0;
				PRODUCT_BUNDLE_IDENTIFIER = "KarthikChillara.War--card-game-UITests";
				PRODUCT_NAME = "$(TARGET_NAME)";
				SWIFT_EMIT_LOC_STRINGS = NO;
				SWIFT_VERSION = 5.0;
				TARGETED_DEVICE_FAMILY = "1,2";
				TEST_TARGET_NAME = "War (card game)";
			};
			name = Debug;
		};
		B8D720252862660B009BDF9D /* Release */ = {
			isa = XCBuildConfiguration;
			buildSettings = {
				ALWAYS_EMBED_SWIFT_STANDARD_LIBRARIES = YES;
				CODE_SIGN_STYLE = Automatic;
				CURRENT_PROJECT_VERSION = 1;
				DEVELOPMENT_TEAM = JD8V9CAM37;
				GENERATE_INFOPLIST_FILE = YES;
				MARKETING_VERSION = 1.0;
				PRODUCT_BUNDLE_IDENTIFIER = "KarthikChillara.War--card-game-UITests";
				PRODUCT_NAME = "$(TARGET_NAME)";
				SWIFT_EMIT_LOC_STRINGS = NO;
				SWIFT_VERSION = 5.0;
				TARGETED_DEVICE_FAMILY = "1,2";
				TEST_TARGET_NAME = "War (card game)";
			};
			name = Release;
		};
/* End XCBuildConfiguration section */

/* Begin XCConfigurationList section */
		B8D71FF42862660A009BDF9D /* Build configuration list for PBXProject "War (card game)" */ = {
			isa = XCConfigurationList;
			buildConfigurations = (
				B8D7201B2862660B009BDF9D /* Debug */,
				B8D7201C2862660B009BDF9D /* Release */,
			);
			defaultConfigurationIsVisible = 0;
			defaultConfigurationName = Release;
		};
		B8D7201D2862660B009BDF9D /* Build configuration list for PBXNativeTarget "War (card game)" */ = {
			isa = XCConfigurationList;
			buildConfigurations = (
				B8D7201E2862660B009BDF9D /* Debug */,
				B8D7201F2862660B009BDF9D /* Release */,
			);
			defaultConfigurationIsVisible = 0;
			defaultConfigurationName = Release;
		};
		B8D720202862660B009BDF9D /* Build configuration list for PBXNativeTarget "War (card game)Tests" */ = {
			isa = XCConfigurationList;
			buildConfigurations = (
				B8D720212862660B009BDF9D /* Debug */,
				B8D720222862660B009BDF9D /* Release */,
			);
			defaultConfigurationIsVisible = 0;
			defaultConfigurationName = Release;
		};
		B8D720232862660B009BDF9D /* Build configuration list for PBXNativeTarget "War (card game)UITests" */ = {
			isa = XCConfigurationList;
			buildConfigurations = (
				B8D720242862660B009BDF9D /* Debug */,
				B8D720252862660B009BDF9D /* Release */,
			);
			defaultConfigurationIsVisible = 0;
			defaultConfigurationName = Release;
		};
/* End XCConfigurationList section */
	};
	rootObject = B8D71FF12862660A009BDF9D /* Project object */;
}
